# IF THERE'S A GIT CONFLICT IN THIS FILE, DON'T SOLVE IT MANUALLY!
# INSTEAD EXECUTE `prisma migrate fix`
# Prisma Migrate lockfile v1
# Read more about conflict resolution here: TODO

20200423205341-init
20200424121645-add-user-roles
20200508130355-add-model-for-statistics-record
20200508144705-remove-composite-primary-keys-for-stat-record
20200508174803-add-model-for-statistics
20200509193127-add-bot-token-for-teams
20200509204436-reduce-user-avatars-to-one
20200510123142-add-bot-id-to-team-model
20200523170619-statrecord--relation-with-component-nullable
20200523222310-edit-component-data-relation
20200523222756-update-component-data-relations
20200525194002-add-special-id-to-user-model
20200525230059-remove-unique-condition-for-user-email