{
  "name": "prisma",
  "version": "1.0.0",
  "lockfileVersion": 1,
  "requires": true,
  "dependencies": {
    "@prisma/client": {
      "version": "2.0.0-preview021",
      "resolved": "https://registry.npmjs.org/@prisma/client/-/client-2.0.0-preview021.tgz",
      "integrity": "sha512-pKU6p1r5gBwmQ6fa+zy6hQ/IAw6AsUWQ1VRZ9xy6i1zidsvGDzbSFzihqI9aBXB0ed0sdbijiGcujsG2tHBTYw=="
    },
    "prisma2": {
      "version": "2.0.0-preview021",
      "resolved": "https://registry.npmjs.org/prisma2/-/prisma2-2.0.0-preview021.tgz",
      "integrity": "sha512-Llj0U+t4kWrC75U2ReDFRQkch/nwfDtO94k71UcNa/88ABjE03uwgw3EbSke7GB5VOl0nXUKRlzEAyk5SS3jqA=="
    }
  }
}
