{
  "name": "prisma",
  "version": "1.0.0",
  "lockfileVersion": 1,
  "requires": true,
  "dependencies": {
    "@prisma/client": {
      "version": "2.0.0-preview022",
      "resolved": "https://registry.npmjs.org/@prisma/client/-/client-2.0.0-preview022.tgz",
      "integrity": "sha512-VVjwodKA7f/xIw704ZP5aAmaVXbcOa0g69E0RWDsMc/mSJlQyBjUtAnQy1QPvjaEA2V8+x+A85zW5JwrIs6qQg=="
    },
    "prisma2": {
      "version": "2.0.0-preview022",
      "resolved": "https://registry.npmjs.org/prisma2/-/prisma2-2.0.0-preview022.tgz",
      "integrity": "sha512-esfFlVwGr/q5AoZFT+mf5FF+4bKYLIoqgfTNsrsodKzWnYR/JoTme2rO7FjM1U1jp80rCiX8RbcAvl6o/TG5zg=="
    }
  }
}
